
Microsoft Visual Studio Solution File, Format Version 12.00
# Visual Studio Version 17
VisualStudioVersion = 17.11.35327.3
MinimumVisualStudioVersion = 10.0.40219.1
Project("{F184B08F-C81C-45F6-A57F-5ABD9991F28F}") = "projetvb", "projetvb.vbproj", "{3D542750-FAB0-4B59-B17E-5C6DC1BDE1C9}"
EndProject
Global
	GlobalSection(SolutionConfigurationPlatforms) = preSolution
		Debug|Any CPU = Debug|Any CPU
		Release|Any CPU = Release|Any CPU
	EndGlobalSection
	GlobalSection(ProjectConfigurationPlatforms) = postSolution
		{3D542750-FAB0-4B59-B17E-5C6DC1BDE1C9}.Debug|Any CPU.ActiveCfg = Debug|Any CPU
		{3D542750-FAB0-4B59-B17E-5C6DC1BDE1C9}.Debug|Any CPU.Build.0 = Debug|Any CPU
		{3D542750-FAB0-4B59-B17E-5C6DC1BDE1C9}.Release|Any CPU.ActiveCfg = Release|Any CPU
		{3D542750-FAB0-4B59-B17E-5C6DC1BDE1C9}.Release|Any CPU.Build.0 = Release|Any CPU
	EndGlobalSection
	GlobalSection(SolutionProperties) = preSolution
		HideSolutionNode = FALSE
	EndGlobalSection
	GlobalSection(ExtensibilityGlobals) = postSolution
		SolutionGuid = {D0E097AF-D4CE-4292-9DB9-FDDE3D6B98C0}
	EndGlobalSection
EndGlobal
